PODS:
  - Nimble (7.3.4)
  - Quick (1.2.0)
  - RocketNetwork (1.0.0)

DEPENDENCIES:
  - Nimble (~> 7.0)
  - Quick (~> 1.2.0)
  - RocketNetwork (from `../`)

SPEC REPOS:
  https://github.com/CocoaPods/Specs.git:
    - Quick
  trunk:
    - Nimble

EXTERNAL SOURCES:
  RocketNetwork:
    :path: "../"

SPEC CHECKSUMS:
  Nimble: 051e3d8912d40138fa5591c78594f95fb172af37
  Quick: 58d203b1c5e27fff7229c4c1ae445ad7069a7a08
  RocketNetwork: 839a270477abb9311ecbb206627ea1ea719a58e7

PODFILE CHECKSUM: ac8572e4d30247206c2ce69b32b299504c12a747

COCOAPODS: 1.9.0
